
Microsoft Visual Studio Solution File, Format Version 12.00
# Visual Studio Version 17
VisualStudioVersion = 17.14.36310.24 d17.14
MinimumVisualStudioVersion = 10.0.40219.1
Project("{FAE04EC0-301F-11D3-BF4B-00C04F79EFBC}") = "Leetcode", "leetcode\Leetcode.csproj", "{51BB4213-EBE2-4219-A9A4-A2736627754C}"
EndProject
Project("{FAE04EC0-301F-11D3-BF4B-00C04F79EFBC}") = "Tests", "Tests\Tests.csproj", "{C5A5C19E-1AA8-4530-A7AC-4F6B4AA52D4D}"
EndProject
Project("{FAE04EC0-301F-11D3-BF4B-00C04F79EFBC}") = "Console", "Console\Console.csproj", "{A830BC8A-8760-468C-ACB0-F2C8D23347B1}"
EndProject
Global
	GlobalSection(SolutionConfigurationPlatforms) = preSolution
		Debug|Any CPU = Debug|Any CPU
		Release|Any CPU = Release|Any CPU
	EndGlobalSection
	GlobalSection(ProjectConfigurationPlatforms) = postSolution
		{51BB4213-EBE2-4219-A9A4-A2736627754C}.Debug|Any CPU.ActiveCfg = Debug|Any CPU
		{51BB4213-EBE2-4219-A9A4-A2736627754C}.Debug|Any CPU.Build.0 = Debug|Any CPU
		{51BB4213-EBE2-4219-A9A4-A2736627754C}.Release|Any CPU.ActiveCfg = Release|Any CPU
		{51BB4213-EBE2-4219-A9A4-A2736627754C}.Release|Any CPU.Build.0 = Release|Any CPU
		{C5A5C19E-1AA8-4530-A7AC-4F6B4AA52D4D}.Debug|Any CPU.ActiveCfg = Debug|Any CPU
		{C5A5C19E-1AA8-4530-A7AC-4F6B4AA52D4D}.Debug|Any CPU.Build.0 = Debug|Any CPU
		{C5A5C19E-1AA8-4530-A7AC-4F6B4AA52D4D}.Release|Any CPU.ActiveCfg = Release|Any CPU
		{C5A5C19E-1AA8-4530-A7AC-4F6B4AA52D4D}.Release|Any CPU.Build.0 = Release|Any CPU
		{A830BC8A-8760-468C-ACB0-F2C8D23347B1}.Debug|Any CPU.ActiveCfg = Debug|Any CPU
		{A830BC8A-8760-468C-ACB0-F2C8D23347B1}.Debug|Any CPU.Build.0 = Debug|Any CPU
		{A830BC8A-8760-468C-ACB0-F2C8D23347B1}.Release|Any CPU.ActiveCfg = Release|Any CPU
		{A830BC8A-8760-468C-ACB0-F2C8D23347B1}.Release|Any CPU.Build.0 = Release|Any CPU
	EndGlobalSection
	GlobalSection(SolutionProperties) = preSolution
		HideSolutionNode = FALSE
	EndGlobalSection
	GlobalSection(ExtensibilityGlobals) = postSolution
		SolutionGuid = {3E918CBB-0E9C-4330-97B8-42F55C56A9F0}
	EndGlobalSection
EndGlobal
